// !$*UTF8*$!
{
	archiveVersion = 1;
	classes = {
	};
	objectVersion = 56;
	objects = {

/* Begin PBXBuildFile section */
		E8D9C0BF2D0A2117008B91D5 /* TaskManager.swift in Sources */ = {isa = PBXBuildFile; fileRef = E8D9C0BE2D0A2117008B91D5 /* TaskManager.swift */; };
		E8DCDDC72D06429800F0D6CE /* ToDoListSwiftUIApp.swift in Sources */ = {isa = PBXBuildFile; fileRef = E8DCDDC62D06429800F0D6CE /* ToDoListSwiftUIApp.swift */; };
		E8DCDDC92D06429800F0D6CE /* ContentView.swift in Sources */ = {isa = PBXBuildFile; fileRef = E8DCDDC82D06429800F0D6CE /* ContentView.swift */; };
		E8DCDDCB2D06429A00F0D6CE /* Assets.xcassets in Resources */ = {isa = PBXBuildFile; fileRef = E8DCDDCA2D06429A00F0D6CE /* Assets.xcassets */; };
		E8DCDDCE2D06429A00F0D6CE /* Preview Assets.xcassets in Resources */ = {isa = PBXBuildFile; fileRef = E8DCDDCD2D06429A00F0D6CE /* Preview Assets.xcassets */; };
		E8DCDDE82D06E35400F0D6CE /* MessagesSearchBar.swift in Sources */ = {isa = PBXBuildFile; fileRef = E8DCDDE72D06E35400F0D6CE /* MessagesSearchBar.swift */; };
		E8DCDDEA2D06E38B00F0D6CE /* ToDoItemView.swift in Sources */ = {isa = PBXBuildFile; fileRef = E8DCDDE92D06E38B00F0D6CE /* ToDoItemView.swift */; };
		E8DCDDEC2D06E3FE00F0D6CE /* FooterView.swift in Sources */ = {isa = PBXBuildFile; fileRef = E8DCDDEB2D06E3FE00F0D6CE /* FooterView.swift */; };
		E8DCDDEE2D06E43100F0D6CE /* Constants.swift in Sources */ = {isa = PBXBuildFile; fileRef = E8DCDDED2D06E43100F0D6CE /* Constants.swift */; };
		E8DCDDF02D06E44E00F0D6CE /* Extensions.swift in Sources */ = {isa = PBXBuildFile; fileRef = E8DCDDEF2D06E44E00F0D6CE /* Extensions.swift */; };
		E8DCDDF22D06E47E00F0D6CE /* DetailedView.swift in Sources */ = {isa = PBXBuildFile; fileRef = E8DCDDF12D06E47E00F0D6CE /* DetailedView.swift */; };
		E8DCDDF72D06E8F300F0D6CE /* Model.xcdatamodeld in Sources */ = {isa = PBXBuildFile; fileRef = E8DCDDF52D06E8F300F0D6CE /* Model.xcdatamodeld */; };
		E8DCDDF92D06E9FA00F0D6CE /* PersistenceController.swift in Sources */ = {isa = PBXBuildFile; fileRef = E8DCDDF82D06E9FA00F0D6CE /* PersistenceController.swift */; };
		E8DCDDFD2D06F7DC00F0D6CE /* SFProText-Regular.ttf in Resources */ = {isa = PBXBuildFile; fileRef = E8DCDDFA2D06F7DC00F0D6CE /* SFProText-Regular.ttf */; };
		E8DCDDFE2D06F7DC00F0D6CE /* SFProText-Bold.ttf in Resources */ = {isa = PBXBuildFile; fileRef = E8DCDDFB2D06F7DC00F0D6CE /* SFProText-Bold.ttf */; };
		E8DCDDFF2D06F7DC00F0D6CE /* SFProText-Medium.ttf in Resources */ = {isa = PBXBuildFile; fileRef = E8DCDDFC2D06F7DC00F0D6CE /* SFProText-Medium.ttf */; };
		E8DCDE022D0723A900F0D6CE /* TaskViewModel.swift in Sources */ = {isa = PBXBuildFile; fileRef = E8DCDE012D0723A900F0D6CE /* TaskViewModel.swift */; };
		E8DCDE062D07366400F0D6CE /* Alamofire in Frameworks */ = {isa = PBXBuildFile; productRef = E8DCDE052D07366400F0D6CE /* Alamofire */; };
		E8DCDE0D2D07391300F0D6CE /* ToDoNetworkService.swift in Sources */ = {isa = PBXBuildFile; fileRef = E8DCDE0C2D07391300F0D6CE /* ToDoNetworkService.swift */; };
		E8DCDE172D07420C00F0D6CE /* ToDoListSwiftUITests.swift in Sources */ = {isa = PBXBuildFile; fileRef = E8DCDE162D07420C00F0D6CE /* ToDoListSwiftUITests.swift */; };
		E8DCDE1D2D07421500F0D6CE /* TaskViewModelTests.swift in Sources */ = {isa = PBXBuildFile; fileRef = E8DCDE0E2D07419100F0D6CE /* TaskViewModelTests.swift */; };
/* End PBXBuildFile section */

/* Begin PBXContainerItemProxy section */
		E8DCDE182D07420C00F0D6CE /* PBXContainerItemProxy */ = {
			isa = PBXContainerItemProxy;
			containerPortal = E8DCDDBB2D06429800F0D6CE /* Project object */;
			proxyType = 1;
			remoteGlobalIDString = E8DCDDC22D06429800F0D6CE;
			remoteInfo = ToDoListSwiftUI;
		};
/* End PBXContainerItemProxy section */

/* Begin PBXFileReference section */
		E8D9C0BE2D0A2117008B91D5 /* TaskManager.swift */ = {isa = PBXFileReference; lastKnownFileType = sourcecode.swift; path = TaskManager.swift; sourceTree = "<group>"; };
		E8DCDDC32D06429800F0D6CE /* ToDoListSwiftUI.app */ = {isa = PBXFileReference; explicitFileType = wrapper.application; includeInIndex = 0; path = ToDoListSwiftUI.app; sourceTree = BUILT_PRODUCTS_DIR; };
		E8DCDDC62D06429800F0D6CE /* ToDoListSwiftUIApp.swift */ = {isa = PBXFileReference; lastKnownFileType = sourcecode.swift; path = ToDoListSwiftUIApp.swift; sourceTree = "<group>"; };
		E8DCDDC82D06429800F0D6CE /* ContentView.swift */ = {isa = PBXFileReference; lastKnownFileType = sourcecode.swift; path = ContentView.swift; sourceTree = "<group>"; };
		E8DCDDCA2D06429A00F0D6CE /* Assets.xcassets */ = {isa = PBXFileReference; lastKnownFileType = folder.assetcatalog; path = Assets.xcassets; sourceTree = "<group>"; };
		E8DCDDCD2D06429A00F0D6CE /* Preview Assets.xcassets */ = {isa = PBXFileReference; lastKnownFileType = folder.assetcatalog; path = "Preview Assets.xcassets"; sourceTree = "<group>"; };
		E8DCDDE72D06E35400F0D6CE /* MessagesSearchBar.swift */ = {isa = PBXFileReference; lastKnownFileType = sourcecode.swift; path = MessagesSearchBar.swift; sourceTree = "<group>"; };
		E8DCDDE92D06E38B00F0D6CE /* ToDoItemView.swift */ = {isa = PBXFileReference; lastKnownFileType = sourcecode.swift; path = ToDoItemView.swift; sourceTree = "<group>"; };
		E8DCDDEB2D06E3FE00F0D6CE /* FooterView.swift */ = {isa = PBXFileReference; lastKnownFileType = sourcecode.swift; path = FooterView.swift; sourceTree = "<group>"; };
		E8DCDDED2D06E43100F0D6CE /* Constants.swift */ = {isa = PBXFileReference; lastKnownFileType = sourcecode.swift; path = Constants.swift; sourceTree = "<group>"; };
		E8DCDDEF2D06E44E00F0D6CE /* Extensions.swift */ = {isa = PBXFileReference; lastKnownFileType = sourcecode.swift; path = Extensions.swift; sourceTree = "<group>"; };
		E8DCDDF12D06E47E00F0D6CE /* DetailedView.swift */ = {isa = PBXFileReference; lastKnownFileType = sourcecode.swift; path = DetailedView.swift; sourceTree = "<group>"; };
		E8DCDDF62D06E8F300F0D6CE /* Model.xcdatamodel */ = {isa = PBXFileReference; lastKnownFileType = wrapper.xcdatamodel; path = Model.xcdatamodel; sourceTree = "<group>"; };
		E8DCDDF82D06E9FA00F0D6CE /* PersistenceController.swift */ = {isa = PBXFileReference; lastKnownFileType = sourcecode.swift; path = PersistenceController.swift; sourceTree = "<group>"; };
		E8DCDDFA2D06F7DC00F0D6CE /* SFProText-Regular.ttf */ = {isa = PBXFileReference; lastKnownFileType = file; path = "SFProText-Regular.ttf"; sourceTree = "<group>"; };
		E8DCDDFB2D06F7DC00F0D6CE /* SFProText-Bold.ttf */ = {isa = PBXFileReference; lastKnownFileType = file; path = "SFProText-Bold.ttf"; sourceTree = "<group>"; };
		E8DCDDFC2D06F7DC00F0D6CE /* SFProText-Medium.ttf */ = {isa = PBXFileReference; lastKnownFileType = file; path = "SFProText-Medium.ttf"; sourceTree = "<group>"; };
		E8DCDE002D06F7EB00F0D6CE /* Info.plist */ = {isa = PBXFileReference; lastKnownFileType = text.plist; path = Info.plist; sourceTree = "<group>"; };
		E8DCDE012D0723A900F0D6CE /* TaskViewModel.swift */ = {isa = PBXFileReference; lastKnownFileType = sourcecode.swift; path = TaskViewModel.swift; sourceTree = "<group>"; };
		E8DCDE0C2D07391300F0D6CE /* ToDoNetworkService.swift */ = {isa = PBXFileReference; lastKnownFileType = sourcecode.swift; path = ToDoNetworkService.swift; sourceTree = "<group>"; };
		E8DCDE0E2D07419100F0D6CE /* TaskViewModelTests.swift */ = {isa = PBXFileReference; lastKnownFileType = sourcecode.swift; path = TaskViewModelTests.swift; sourceTree = "<group>"; };
		E8DCDE142D07420C00F0D6CE /* ToDoListSwiftUITests.xctest */ = {isa = PBXFileReference; explicitFileType = wrapper.cfbundle; includeInIndex = 0; path = ToDoListSwiftUITests.xctest; sourceTree = BUILT_PRODUCTS_DIR; };
		E8DCDE162D07420C00F0D6CE /* ToDoListSwiftUITests.swift */ = {isa = PBXFileReference; lastKnownFileType = sourcecode.swift; path = ToDoListSwiftUITests.swift; sourceTree = "<group>"; };
/* End PBXFileReference section */

/* Begin PBXFrameworksBuildPhase section */
		E8DCDDC02D06429800F0D6CE /* Frameworks */ = {
			isa = PBXFrameworksBuildPhase;
			buildActionMask = 2147483647;
			files = (
				E8DCDE062D07366400F0D6CE /* Alamofire in Frameworks */,
			);
			runOnlyForDeploymentPostprocessing = 0;
		};
		E8DCDE112D07420C00F0D6CE /* Frameworks */ = {
			isa = PBXFrameworksBuildPhase;
			buildActionMask = 2147483647;
			files = (
			);
			runOnlyForDeploymentPostprocessing = 0;
		};
/* End PBXFrameworksBuildPhase section */

/* Begin PBXGroup section */
		E8DCDDBA2D06429800F0D6CE = {
			isa = PBXGroup;
			children = (
				E8DCDDC52D06429800F0D6CE /* ToDoListSwiftUI */,
				E8DCDE152D07420C00F0D6CE /* ToDoListSwiftUITests */,
				E8DCDDC42D06429800F0D6CE /* Products */,
			);
			sourceTree = "<group>";
		};
		E8DCDDC42D06429800F0D6CE /* Products */ = {
			isa = PBXGroup;
			children = (
				E8DCDDC32D06429800F0D6CE /* ToDoListSwiftUI.app */,
				E8DCDE142D07420C00F0D6CE /* ToDoListSwiftUITests.xctest */,
			);
			name = Products;
			sourceTree = "<group>";
		};
		E8DCDDC52D06429800F0D6CE /* ToDoListSwiftUI */ = {
			isa = PBXGroup;
			children = (
				E8DCDE032D07356400F0D6CE /* Manager */,
				E8DCDE002D06F7EB00F0D6CE /* Info.plist */,
				E8DCDDD72D06433200F0D6CE /* Extensions */,
				E8DCDDD62D0642AF00F0D6CE /* ViewModel */,
				E8DCDDD52D0642A900F0D6CE /* View */,
				E8DCDDD42D0642A300F0D6CE /* Model */,
				E8DCDDC62D06429800F0D6CE /* ToDoListSwiftUIApp.swift */,
				E8DCDDC82D06429800F0D6CE /* ContentView.swift */,
				E8DCDDCA2D06429A00F0D6CE /* Assets.xcassets */,
				E8DCDDCC2D06429A00F0D6CE /* Preview Content */,
			);
			path = ToDoListSwiftUI;
			sourceTree = "<group>";
		};
		E8DCDDCC2D06429A00F0D6CE /* Preview Content */ = {
			isa = PBXGroup;
			children = (
				E8DCDDCD2D06429A00F0D6CE /* Preview Assets.xcassets */,
			);
			path = "Preview Content";
			sourceTree = "<group>";
		};
		E8DCDDD42D0642A300F0D6CE /* Model */ = {
			isa = PBXGroup;
			children = (
				E8DCDDF52D06E8F300F0D6CE /* Model.xcdatamodeld */,
				E8DCDDF82D06E9FA00F0D6CE /* PersistenceController.swift */,
			);
			path = Model;
			sourceTree = "<group>";
		};
		E8DCDDD52D0642A900F0D6CE /* View */ = {
			isa = PBXGroup;
			children = (
				E8DCDDE72D06E35400F0D6CE /* MessagesSearchBar.swift */,
				E8DCDDE92D06E38B00F0D6CE /* ToDoItemView.swift */,
				E8DCDDEB2D06E3FE00F0D6CE /* FooterView.swift */,
				E8DCDDF12D06E47E00F0D6CE /* DetailedView.swift */,
			);
			path = View;
			sourceTree = "<group>";
		};
		E8DCDDD62D0642AF00F0D6CE /* ViewModel */ = {
			isa = PBXGroup;
			children = (
				E8DCDE012D0723A900F0D6CE /* TaskViewModel.swift */,
				E8D9C0BE2D0A2117008B91D5 /* TaskManager.swift */,
			);
			path = ViewModel;
			sourceTree = "<group>";
		};
		E8DCDDD72D06433200F0D6CE /* Extensions */ = {
			isa = PBXGroup;
			children = (
				E8DCDDD82D06434200F0D6CE /* fonts */,
				E8DCDDED2D06E43100F0D6CE /* Constants.swift */,
				E8DCDDEF2D06E44E00F0D6CE /* Extensions.swift */,
			);
			path = Extensions;
			sourceTree = "<group>";
		};
		E8DCDDD82D06434200F0D6CE /* fonts */ = {
			isa = PBXGroup;
			children = (
				E8DCDDFA2D06F7DC00F0D6CE /* SFProText-Regular.ttf */,
				E8DCDDFC2D06F7DC00F0D6CE /* SFProText-Medium.ttf */,
				E8DCDDFB2D06F7DC00F0D6CE /* SFProText-Bold.ttf */,
			);
			path = fonts;
			sourceTree = "<group>";
		};
		E8DCDE032D07356400F0D6CE /* Manager */ = {
			isa = PBXGroup;
			children = (
				E8DCDE0C2D07391300F0D6CE /* ToDoNetworkService.swift */,
			);
			path = Manager;
			sourceTree = "<group>";
		};
		E8DCDE152D07420C00F0D6CE /* ToDoListSwiftUITests */ = {
			isa = PBXGroup;
			children = (
				E8DCDE162D07420C00F0D6CE /* ToDoListSwiftUITests.swift */,
				E8DCDE0E2D07419100F0D6CE /* TaskViewModelTests.swift */,
			);
			path = ToDoListSwiftUITests;
			sourceTree = "<group>";
		};
/* End PBXGroup section */

/* Begin PBXNativeTarget section */
		E8DCDDC22D06429800F0D6CE /* ToDoListSwiftUI */ = {
			isa = PBXNativeTarget;
			buildConfigurationList = E8DCDDD12D06429A00F0D6CE /* Build configuration list for PBXNativeTarget "ToDoListSwiftUI" */;
			buildPhases = (
				E8DCDDBF2D06429800F0D6CE /* Sources */,
				E8DCDDC02D06429800F0D6CE /* Frameworks */,
				E8DCDDC12D06429800F0D6CE /* Resources */,
			);
			buildRules = (
			);
			dependencies = (
				E8DCDE0B2D07368F00F0D6CE /* PBXTargetDependency */,
			);
			name = ToDoListSwiftUI;
			packageProductDependencies = (
				E8DCDE052D07366400F0D6CE /* Alamofire */,
			);
			productName = ToDoListSwiftUI;
			productReference = E8DCDDC32D06429800F0D6CE /* ToDoListSwiftUI.app */;
			productType = "com.apple.product-type.application";
		};
		E8DCDE132D07420C00F0D6CE /* ToDoListSwiftUITests */ = {
			isa = PBXNativeTarget;
			buildConfigurationList = E8DCDE1A2D07420C00F0D6CE /* Build configuration list for PBXNativeTarget "ToDoListSwiftUITests" */;
			buildPhases = (
				E8DCDE102D07420C00F0D6CE /* Sources */,
				E8DCDE112D07420C00F0D6CE /* Frameworks */,
				E8DCDE122D07420C00F0D6CE /* Resources */,
			);
			buildRules = (
			);
			dependencies = (
				E8DCDE192D07420C00F0D6CE /* PBXTargetDependency */,
			);
			name = ToDoListSwiftUITests;
			productName = ToDoListSwiftUITests;
			productReference = E8DCDE142D07420C00F0D6CE /* ToDoListSwiftUITests.xctest */;
			productType = "com.apple.product-type.bundle.unit-test";
		};
/* End PBXNativeTarget section */

/* Begin PBXProject section */
		E8DCDDBB2D06429800F0D6CE /* Project object */ = {
			isa = PBXProject;
			attributes = {
				BuildIndependentTargetsInParallel = 1;
				LastSwiftUpdateCheck = 1540;
				LastUpgradeCheck = 1540;
				TargetAttributes = {
					E8DCDDC22D06429800F0D6CE = {
						CreatedOnToolsVersion = 15.4;
					};
					E8DCDE132D07420C00F0D6CE = {
						CreatedOnToolsVersion = 15.4;
						TestTargetID = E8DCDDC22D06429800F0D6CE;
					};
				};
			};
			buildConfigurationList = E8DCDDBE2D06429800F0D6CE /* Build configuration list for PBXProject "ToDoListSwiftUI" */;
			compatibilityVersion = "Xcode 14.0";
			developmentRegion = en;
			hasScannedForEncodings = 0;
			knownRegions = (
				en,
				Base,
			);
			mainGroup = E8DCDDBA2D06429800F0D6CE;
			packageReferences = (
				E8DCDE042D07366400F0D6CE /* XCRemoteSwiftPackageReference "Alamofire" */,
				E8DCDE092D07366E00F0D6CE /* XCRemoteSwiftPackageReference "SwiftLintPlugins" */,
			);
			productRefGroup = E8DCDDC42D06429800F0D6CE /* Products */;
			projectDirPath = "";
			projectRoot = "";
			targets = (
				E8DCDDC22D06429800F0D6CE /* ToDoListSwiftUI */,
				E8DCDE132D07420C00F0D6CE /* ToDoListSwiftUITests */,
			);
		};
/* End PBXProject section */

/* Begin PBXResourcesBuildPhase section */
		E8DCDDC12D06429800F0D6CE /* Resources */ = {
			isa = PBXResourcesBuildPhase;
			buildActionMask = 2147483647;
			files = (
				E8DCDDCE2D06429A00F0D6CE /* Preview Assets.xcassets in Resources */,
				E8DCDDFD2D06F7DC00F0D6CE /* SFProText-Regular.ttf in Resources */,
				E8DCDDCB2D06429A00F0D6CE /* Assets.xcassets in Resources */,
				E8DCDDFE2D06F7DC00F0D6CE /* SFProText-Bold.ttf in Resources */,
				E8DCDDFF2D06F7DC00F0D6CE /* SFProText-Medium.ttf in Resources */,
			);
			runOnlyForDeploymentPostprocessing = 0;
		};
		E8DCDE122D07420C00F0D6CE /* Resources */ = {
			isa = PBXResourcesBuildPhase;
			buildActionMask = 2147483647;
			files = (
			);
			runOnlyForDeploymentPostprocessing = 0;
		};
/* End PBXResourcesBuildPhase section */

/* Begin PBXSourcesBuildPhase section */
		E8DCDDBF2D06429800F0D6CE /* Sources */ = {
			isa = PBXSourcesBuildPhase;
			buildActionMask = 2147483647;
			files = (
				E8DCDE022D0723A900F0D6CE /* TaskViewModel.swift in Sources */,
				E8DCDDC92D06429800F0D6CE /* ContentView.swift in Sources */,
				E8DCDDEA2D06E38B00F0D6CE /* ToDoItemView.swift in Sources */,
				E8D9C0BF2D0A2117008B91D5 /* TaskManager.swift in Sources */,
				E8DCDDC72D06429800F0D6CE /* ToDoListSwiftUIApp.swift in Sources */,
				E8DCDE0D2D07391300F0D6CE /* ToDoNetworkService.swift in Sources */,
				E8DCDDEC2D06E3FE00F0D6CE /* FooterView.swift in Sources */,
				E8DCDDF22D06E47E00F0D6CE /* DetailedView.swift in Sources */,
				E8DCDDF72D06E8F300F0D6CE /* Model.xcdatamodeld in Sources */,
				E8DCDDE82D06E35400F0D6CE /* MessagesSearchBar.swift in Sources */,
				E8DCDDEE2D06E43100F0D6CE /* Constants.swift in Sources */,
				E8DCDDF02D06E44E00F0D6CE /* Extensions.swift in Sources */,
				E8DCDDF92D06E9FA00F0D6CE /* PersistenceController.swift in Sources */,
			);
			runOnlyForDeploymentPostprocessing = 0;
		};
		E8DCDE102D07420C00F0D6CE /* Sources */ = {
			isa = PBXSourcesBuildPhase;
			buildActionMask = 2147483647;
			files = (
				E8DCDE172D07420C00F0D6CE /* ToDoListSwiftUITests.swift in Sources */,
				E8DCDE1D2D07421500F0D6CE /* TaskViewModelTests.swift in Sources */,
			);
			runOnlyForDeploymentPostprocessing = 0;
		};
/* End PBXSourcesBuildPhase section */

/* Begin PBXTargetDependency section */
		E8DCDE0B2D07368F00F0D6CE /* PBXTargetDependency */ = {
			isa = PBXTargetDependency;
			productRef = E8DCDE0A2D07368F00F0D6CE /* SwiftLintBuildToolPlugin */;
		};
		E8DCDE192D07420C00F0D6CE /* PBXTargetDependency */ = {
			isa = PBXTargetDependency;
			target = E8DCDDC22D06429800F0D6CE /* ToDoListSwiftUI */;
			targetProxy = E8DCDE182D07420C00F0D6CE /* PBXContainerItemProxy */;
		};
/* End PBXTargetDependency section */

/* Begin XCBuildConfiguration section */
		E8DCDDCF2D06429A00F0D6CE /* Debug */ = {
			isa = XCBuildConfiguration;
			buildSettings = {
				ALWAYS_SEARCH_USER_PATHS = NO;
				ASSETCATALOG_COMPILER_GENERATE_SWIFT_ASSET_SYMBOL_EXTENSIONS = YES;
				CLANG_ANALYZER_NONNULL = YES;
				CLANG_ANALYZER_NUMBER_OBJECT_CONVERSION = YES_AGGRESSIVE;
				CLANG_CXX_LANGUAGE_STANDARD = "gnu++20";
				CLANG_ENABLE_MODULES = YES;
				CLANG_ENABLE_OBJC_ARC = YES;
				CLANG_ENABLE_OBJC_WEAK = YES;
				CLANG_WARN_BLOCK_CAPTURE_AUTORELEASING = YES;
				CLANG_WARN_BOOL_CONVERSION = YES;
				CLANG_WARN_COMMA = YES;
				CLANG_WARN_CONSTANT_CONVERSION = YES;
				CLANG_WARN_DEPRECATED_OBJC_IMPLEMENTATIONS = YES;
				CLANG_WARN_DIRECT_OBJC_ISA_USAGE = YES_ERROR;
				CLANG_WARN_DOCUMENTATION_COMMENTS = YES;
				CLANG_WARN_EMPTY_BODY = YES;
				CLANG_WARN_ENUM_CONVERSION = YES;
				CLANG_WARN_INFINITE_RECURSION = YES;
				CLANG_WARN_INT_CONVERSION = YES;
				CLANG_WARN_NON_LITERAL_NULL_CONVERSION = YES;
				CLANG_WARN_OBJC_IMPLICIT_RETAIN_SELF = YES;
				CLANG_WARN_OBJC_LITERAL_CONVERSION = YES;
				CLANG_WARN_OBJC_ROOT_CLASS = YES_ERROR;
				CLANG_WARN_QUOTED_INCLUDE_IN_FRAMEWORK_HEADER = YES;
				CLANG_WARN_RANGE_LOOP_ANALYSIS = YES;
				CLANG_WARN_STRICT_PROTOTYPES = YES;
				CLANG_WARN_SUSPICIOUS_MOVE = YES;
				CLANG_WARN_UNGUARDED_AVAILABILITY = YES_AGGRESSIVE;
				CLANG_WARN_UNREACHABLE_CODE = YES;
				CLANG_WARN__DUPLICATE_METHOD_MATCH = YES;
				COPY_PHASE_STRIP = NO;
				DEBUG_INFORMATION_FORMAT = dwarf;
				ENABLE_STRICT_OBJC_MSGSEND = YES;
				ENABLE_TESTABILITY = YES;
				ENABLE_USER_SCRIPT_SANDBOXING = YES;
				GCC_C_LANGUAGE_STANDARD = gnu17;
				GCC_DYNAMIC_NO_PIC = NO;
				GCC_NO_COMMON_BLOCKS = YES;
				GCC_OPTIMIZATION_LEVEL = 0;
				GCC_PREPROCESSOR_DEFINITIONS = (
					"DEBUG=1",
					"$(inherited)",
				);
				GCC_WARN_64_TO_32_BIT_CONVERSION = YES;
				GCC_WARN_ABOUT_RETURN_TYPE = YES_ERROR;
				GCC_WARN_UNDECLARED_SELECTOR = YES;
				GCC_WARN_UNINITIALIZED_AUTOS = YES_AGGRESSIVE;
				GCC_WARN_UNUSED_FUNCTION = YES;
				GCC_WARN_UNUSED_VARIABLE = YES;
				IPHONEOS_DEPLOYMENT_TARGET = 17.5;
				LOCALIZATION_PREFERS_STRING_CATALOGS = YES;
				MTL_ENABLE_DEBUG_INFO = INCLUDE_SOURCE;
				MTL_FAST_MATH = YES;
				ONLY_ACTIVE_ARCH = YES;
				SDKROOT = iphoneos;
				SWIFT_ACTIVE_COMPILATION_CONDITIONS = "DEBUG $(inherited)";
				SWIFT_OPTIMIZATION_LEVEL = "-Onone";
			};
			name = Debug;
		};
		E8DCDDD02D06429A00F0D6CE /* Release */ = {
			isa = XCBuildConfiguration;
			buildSettings = {
				ALWAYS_SEARCH_USER_PATHS = NO;
				ASSETCATALOG_COMPILER_GENERATE_SWIFT_ASSET_SYMBOL_EXTENSIONS = YES;
				CLANG_ANALYZER_NONNULL = YES;
				CLANG_ANALYZER_NUMBER_OBJECT_CONVERSION = YES_AGGRESSIVE;
				CLANG_CXX_LANGUAGE_STANDARD = "gnu++20";
				CLANG_ENABLE_MODULES = YES;
				CLANG_ENABLE_OBJC_ARC = YES;
				CLANG_ENABLE_OBJC_WEAK = YES;
				CLANG_WARN_BLOCK_CAPTURE_AUTORELEASING = YES;
				CLANG_WARN_BOOL_CONVERSION = YES;
				CLANG_WARN_COMMA = YES;
				CLANG_WARN_CONSTANT_CONVERSION = YES;
				CLANG_WARN_DEPRECATED_OBJC_IMPLEMENTATIONS = YES;
				CLANG_WARN_DIRECT_OBJC_ISA_USAGE = YES_ERROR;
				CLANG_WARN_DOCUMENTATION_COMMENTS = YES;
				CLANG_WARN_EMPTY_BODY = YES;
				CLANG_WARN_ENUM_CONVERSION = YES;
				CLANG_WARN_INFINITE_RECURSION = YES;
				CLANG_WARN_INT_CONVERSION = YES;
				CLANG_WARN_NON_LITERAL_NULL_CONVERSION = YES;
				CLANG_WARN_OBJC_IMPLICIT_RETAIN_SELF = YES;
				CLANG_WARN_OBJC_LITERAL_CONVERSION = YES;
				CLANG_WARN_OBJC_ROOT_CLASS = YES_ERROR;
				CLANG_WARN_QUOTED_INCLUDE_IN_FRAMEWORK_HEADER = YES;
				CLANG_WARN_RANGE_LOOP_ANALYSIS = YES;
				CLANG_WARN_STRICT_PROTOTYPES = YES;
				CLANG_WARN_SUSPICIOUS_MOVE = YES;
				CLANG_WARN_UNGUARDED_AVAILABILITY = YES_AGGRESSIVE;
				CLANG_WARN_UNREACHABLE_CODE = YES;
				CLANG_WARN__DUPLICATE_METHOD_MATCH = YES;
				COPY_PHASE_STRIP = NO;
				DEBUG_INFORMATION_FORMAT = "dwarf-with-dsym";
				ENABLE_NS_ASSERTIONS = NO;
				ENABLE_STRICT_OBJC_MSGSEND = YES;
				ENABLE_USER_SCRIPT_SANDBOXING = YES;
				GCC_C_LANGUAGE_STANDARD = gnu17;
				GCC_NO_COMMON_BLOCKS = YES;
				GCC_WARN_64_TO_32_BIT_CONVERSION = YES;
				GCC_WARN_ABOUT_RETURN_TYPE = YES_ERROR;
				GCC_WARN_UNDECLARED_SELECTOR = YES;
				GCC_WARN_UNINITIALIZED_AUTOS = YES_AGGRESSIVE;
				GCC_WARN_UNUSED_FUNCTION = YES;
				GCC_WARN_UNUSED_VARIABLE = YES;
				IPHONEOS_DEPLOYMENT_TARGET = 17.5;
				LOCALIZATION_PREFERS_STRING_CATALOGS = YES;
				MTL_ENABLE_DEBUG_INFO = NO;
				MTL_FAST_MATH = YES;
				SDKROOT = iphoneos;
				SWIFT_COMPILATION_MODE = wholemodule;
				VALIDATE_PRODUCT = YES;
			};
			name = Release;
		};
		E8DCDDD22D06429A00F0D6CE /* Debug */ = {
			isa = XCBuildConfiguration;
			buildSettings = {
				ASSETCATALOG_COMPILER_APPICON_NAME = AppIcon;
				ASSETCATALOG_COMPILER_GLOBAL_ACCENT_COLOR_NAME = AccentColor;
				CODE_SIGN_STYLE = Automatic;
				CURRENT_PROJECT_VERSION = 1;
				DEVELOPMENT_ASSET_PATHS = "\"ToDoListSwiftUI/Preview Content\"";
				DEVELOPMENT_TEAM = 36N72Y7M5U;
				ENABLE_PREVIEWS = YES;
				GENERATE_INFOPLIST_FILE = YES;
				INFOPLIST_FILE = ToDoListSwiftUI/Info.plist;
				INFOPLIST_KEY_UIApplicationSceneManifest_Generation = YES;
				INFOPLIST_KEY_UIApplicationSupportsIndirectInputEvents = YES;
				INFOPLIST_KEY_UILaunchScreen_Generation = YES;
				INFOPLIST_KEY_UISupportedInterfaceOrientations_iPad = "UIInterfaceOrientationPortrait UIInterfaceOrientationPortraitUpsideDown UIInterfaceOrientationLandscapeLeft UIInterfaceOrientationLandscapeRight";
				INFOPLIST_KEY_UISupportedInterfaceOrientations_iPhone = "UIInterfaceOrientationPortrait UIInterfaceOrientationLandscapeLeft UIInterfaceOrientationLandscapeRight";
				LD_RUNPATH_SEARCH_PATHS = (
					"$(inherited)",
					"@executable_path/Frameworks",
				);
				MARKETING_VERSION = 1.0;
				PRODUCT_BUNDLE_IDENTIFIER = testplay.ToDoListSwiftUI;
				PRODUCT_NAME = "$(TARGET_NAME)";
				SWIFT_EMIT_LOC_STRINGS = YES;
				SWIFT_VERSION = 5.0;
				TARGETED_DEVICE_FAMILY = "1,2";
			};
			name = Debug;
		};
		E8DCDDD32D06429A00F0D6CE /* Release */ = {
			isa = XCBuildConfiguration;
			buildSettings = {
				ASSETCATALOG_COMPILER_APPICON_NAME = AppIcon;
				ASSETCATALOG_COMPILER_GLOBAL_ACCENT_COLOR_NAME = AccentColor;
				CODE_SIGN_STYLE = Automatic;
				CURRENT_PROJECT_VERSION = 1;
				DEVELOPMENT_ASSET_PATHS = "\"ToDoListSwiftUI/Preview Content\"";
				DEVELOPMENT_TEAM = 36N72Y7M5U;
				ENABLE_PREVIEWS = YES;
				GENERATE_INFOPLIST_FILE = YES;
				INFOPLIST_FILE = ToDoListSwiftUI/Info.plist;
				INFOPLIST_KEY_UIApplicationSceneManifest_Generation = YES;
				INFOPLIST_KEY_UIApplicationSupportsIndirectInputEvents = YES;
				INFOPLIST_KEY_UILaunchScreen_Generation = YES;
				INFOPLIST_KEY_UISupportedInterfaceOrientations_iPad = "UIInterfaceOrientationPortrait UIInterfaceOrientationPortraitUpsideDown UIInterfaceOrientationLandscapeLeft UIInterfaceOrientationLandscapeRight";
				INFOPLIST_KEY_UISupportedInterfaceOrientations_iPhone = "UIInterfaceOrientationPortrait UIInterfaceOrientationLandscapeLeft UIInterfaceOrientationLandscapeRight";
				LD_RUNPATH_SEARCH_PATHS = (
					"$(inherited)",
					"@executable_path/Frameworks",
				);
				MARKETING_VERSION = 1.0;
				PRODUCT_BUNDLE_IDENTIFIER = testplay.ToDoListSwiftUI;
				PRODUCT_NAME = "$(TARGET_NAME)";
				SWIFT_EMIT_LOC_STRINGS = YES;
				SWIFT_VERSION = 5.0;
				TARGETED_DEVICE_FAMILY = "1,2";
			};
			name = Release;
		};
		E8DCDE1B2D07420C00F0D6CE /* Debug */ = {
			isa = XCBuildConfiguration;
			buildSettings = {
				BUNDLE_LOADER = "$(TEST_HOST)";
				CODE_SIGN_STYLE = Automatic;
				CURRENT_PROJECT_VERSION = 1;
				DEVELOPMENT_TEAM = 36N72Y7M5U;
				GENERATE_INFOPLIST_FILE = YES;
				MARKETING_VERSION = 1.0;
				PRODUCT_BUNDLE_IDENTIFIER = testplay.ToDoListSwiftUITests;
				PRODUCT_NAME = "$(TARGET_NAME)";
				SWIFT_EMIT_LOC_STRINGS = NO;
				SWIFT_VERSION = 5.0;
				TARGETED_DEVICE_FAMILY = "1,2";
				TEST_HOST = "$(BUILT_PRODUCTS_DIR)/ToDoListSwiftUI.app/$(BUNDLE_EXECUTABLE_FOLDER_PATH)/ToDoListSwiftUI";
			};
			name = Debug;
		};
		E8DCDE1C2D07420C00F0D6CE /* Release */ = {
			isa = XCBuildConfiguration;
			buildSettings = {
				BUNDLE_LOADER = "$(TEST_HOST)";
				CODE_SIGN_STYLE = Automatic;
				CURRENT_PROJECT_VERSION = 1;
				DEVELOPMENT_TEAM = 36N72Y7M5U;
				GENERATE_INFOPLIST_FILE = YES;
				MARKETING_VERSION = 1.0;
				PRODUCT_BUNDLE_IDENTIFIER = testplay.ToDoListSwiftUITests;
				PRODUCT_NAME = "$(TARGET_NAME)";
				SWIFT_EMIT_LOC_STRINGS = NO;
				SWIFT_VERSION = 5.0;
				TARGETED_DEVICE_FAMILY = "1,2";
				TEST_HOST = "$(BUILT_PRODUCTS_DIR)/ToDoListSwiftUI.app/$(BUNDLE_EXECUTABLE_FOLDER_PATH)/ToDoListSwiftUI";
			};
			name = Release;
		};
/* End XCBuildConfiguration section */

/* Begin XCConfigurationList section */
		E8DCDDBE2D06429800F0D6CE /* Build configuration list for PBXProject "ToDoListSwiftUI" */ = {
			isa = XCConfigurationList;
			buildConfigurations = (
				E8DCDDCF2D06429A00F0D6CE /* Debug */,
				E8DCDDD02D06429A00F0D6CE /* Release */,
			);
			defaultConfigurationIsVisible = 0;
			defaultConfigurationName = Release;
		};
		E8DCDDD12D06429A00F0D6CE /* Build configuration list for PBXNativeTarget "ToDoListSwiftUI" */ = {
			isa = XCConfigurationList;
			buildConfigurations = (
				E8DCDDD22D06429A00F0D6CE /* Debug */,
				E8DCDDD32D06429A00F0D6CE /* Release */,
			);
			defaultConfigurationIsVisible = 0;
			defaultConfigurationName = Release;
		};
		E8DCDE1A2D07420C00F0D6CE /* Build configuration list for PBXNativeTarget "ToDoListSwiftUITests" */ = {
			isa = XCConfigurationList;
			buildConfigurations = (
				E8DCDE1B2D07420C00F0D6CE /* Debug */,
				E8DCDE1C2D07420C00F0D6CE /* Release */,
			);
			defaultConfigurationIsVisible = 0;
			defaultConfigurationName = Release;
		};
/* End XCConfigurationList section */

/* Begin XCRemoteSwiftPackageReference section */
		E8DCDE042D07366400F0D6CE /* XCRemoteSwiftPackageReference "Alamofire" */ = {
			isa = XCRemoteSwiftPackageReference;
			repositoryURL = "https://github.com/Alamofire/Alamofire.git";
			requirement = {
				kind = upToNextMajorVersion;
				minimumVersion = 5.10.2;
			};
		};
		E8DCDE092D07366E00F0D6CE /* XCRemoteSwiftPackageReference "SwiftLintPlugins" */ = {
			isa = XCRemoteSwiftPackageReference;
			repositoryURL = "https://github.com/SimplyDanny/SwiftLintPlugins";
			requirement = {
				kind = upToNextMajorVersion;
				minimumVersion = 0.57.1;
			};
		};
/* End XCRemoteSwiftPackageReference section */

/* Begin XCSwiftPackageProductDependency section */
		E8DCDE052D07366400F0D6CE /* Alamofire */ = {
			isa = XCSwiftPackageProductDependency;
			package = E8DCDE042D07366400F0D6CE /* XCRemoteSwiftPackageReference "Alamofire" */;
			productName = Alamofire;
		};
		E8DCDE0A2D07368F00F0D6CE /* SwiftLintBuildToolPlugin */ = {
			isa = XCSwiftPackageProductDependency;
			package = E8DCDE092D07366E00F0D6CE /* XCRemoteSwiftPackageReference "SwiftLintPlugins" */;
			productName = "plugin:SwiftLintBuildToolPlugin";
		};
/* End XCSwiftPackageProductDependency section */

/* Begin XCVersionGroup section */
		E8DCDDF52D06E8F300F0D6CE /* Model.xcdatamodeld */ = {
			isa = XCVersionGroup;
			children = (
				E8DCDDF62D06E8F300F0D6CE /* Model.xcdatamodel */,
			);
			currentVersion = E8DCDDF62D06E8F300F0D6CE /* Model.xcdatamodel */;
			name = Model.xcdatamodeld;
			path = /Users/eggorr/Desktop/ToDoListSwiftUI/ToDoListSwiftUI/Model/Model.xcdatamodeld;
			sourceTree = "<group>";
			versionGroupType = wrapper.xcdatamodel;
		};
/* End XCVersionGroup section */
	};
	rootObject = E8DCDDBB2D06429800F0D6CE /* Project object */;
}
